// !$*UTF8*$!
{
	archiveVersion = 1;
	classes = {
	};
	objectVersion = 56;
	objects = {

/* Begin PBXBuildFile section */
		F5A1B2C3D4E5F6A7B8C9D002 /* TenKWordsApp.swift in Sources */ = {isa = PBXBuildFile; fileRef = F5A1B2C3D4E5F6A7B8C9D001 /* TenKWordsApp.swift */; };
		F5A1B2C3D4E5F6A7B8C9D004 /* LearningView.swift in Sources */ = {isa = PBXBuildFile; fileRef = F5A1B2C3D4E5F6A7B8C9D003 /* LearningView.swift */; };
		F5A1B2C3D4E5F6A7B8C9D008 /* LearningManager.swift in Sources */ = {isa = PBXBuildFile; fileRef = F5A1B2C3D4E5F6A7B8C9D007 /* LearningManager.swift */; };
		F5A1B2C3D4E5F6A7B8C9D00A /* NewWordPanel.swift in Sources */ = {isa = PBXBuildFile; fileRef = F5A1B2C3D4E5F6A7B8C9D009 /* NewWordPanel.swift */; };
		F5A1B2C3D4E5F6A7B8C9D00C /* NewZh2EnPanel.swift in Sources */ = {isa = PBXBuildFile; fileRef = F5A1B2C3D4E5F6A7B8C9D00B /* NewZh2EnPanel.swift */; };
		F5A1B2C3D4E5F6A7B8C9D00E /* NewGroupPanel.swift in Sources */ = {isa = PBXBuildFile; fileRef = F5A1B2C3D4E5F6A7B8C9D00D /* NewGroupPanel.swift */; };
		C1D2E3F4A5B6C7D8E9F0A1B5 /* AddArticleView.swift in Sources */ = {isa = PBXBuildFile; fileRef = C1D2E3F4A5B6C7D8E9F0A1B4 /* AddArticleView.swift */; };
		C1D2E3F4A5B6C7D8E9F0A1B7 /* ArticleManager.swift in Sources */ = {isa = PBXBuildFile; fileRef = C1D2E3F4A5B6C7D8E9F0A1B6 /* ArticleManager.swift */; };
		C1D2E3F4A5B6C7D8E9F0A1B9 /* Toast.swift in Sources */ = {isa = PBXBuildFile; fileRef = C1D2E3F4A5B6C7D8E9F0A1B8 /* Toast.swift */; };
		C1D2E3F4A5B6C7D8E9F0A1C2 /* CurrentLearning.swift in Sources */ = {isa = PBXBuildFile; fileRef = C1D2E3F4A5B6C7D8E9F0A1C1 /* CurrentLearning.swift */; };
		C1D2E3F4A5B6C7D8E9F0A1C5 /* ArticleData.swift in Sources */ = {isa = PBXBuildFile; fileRef = C1D2E3F4A5B6C7D8E9F0A1C4 /* ArticleData.swift */; };
		C1D2E3F4A5B6C7D8E9F0A1D0 /* PanelTypes.swift in Sources */ = {isa = PBXBuildFile; fileRef = C1D2E3F4A5B6C7D8E9F0A1D1 /* PanelTypes.swift */; };
		C1D2E3F4A5B6C7D8E9F0A1D3 /* NewWordData.swift in Sources */ = {isa = PBXBuildFile; fileRef = C1D2E3F4A5B6C7D8E9F0A1D5 /* NewWordData.swift */; };
		C1D2E3F4A5B6C7D8E9F0A1D6 /* NewZh2EnData.swift in Sources */ = {isa = PBXBuildFile; fileRef = C1D2E3F4A5B6C7D8E9F0A1D7 /* NewZh2EnData.swift */; };
		C1D2E3F4A5B6C7D8E9F0A1D8 /* NewGroupData.swift in Sources */ = {isa = PBXBuildFile; fileRef = C1D2E3F4A5B6C7D8E9F0A1D9 /* NewGroupData.swift */; };
		D1E2F3A4B5C6D7E8F9A0B1C4 /* JsonUtil.swift in Sources */ = {isa = PBXBuildFile; fileRef = D1E2F3A4B5C6D7E8F9A0B1C3 /* JsonUtil.swift */; };
		D1E2F3A4B5C6D7E8F9A0B1D0 /* GitUtil.swift in Sources */ = {isa = PBXBuildFile; fileRef = D1E2F3A4B5C6D7E8F9A0B1D1 /* GitUtil.swift */; };
		B1C2D3E4F5A6B7C8D9E0F1A3 /* AppConstants.swift in Sources */ = {isa = PBXBuildFile; fileRef = B1C2D3E4F5A6B7C8D9E0F1A2 /* AppConstants.swift */; };
		F5A1B2C3D4E5F6A7B8C9D006 /* Assets.xcassets in Resources */ = {isa = PBXBuildFile; fileRef = F5A1B2C3D4E5F6A7B8C9D005 /* Assets.xcassets */; };
/* End PBXBuildFile section */

/* Begin PBXFileReference section */
		F5A1B2C3D4E5F6A7B8C9D001 /* TenKWordsApp.swift */ = {isa = PBXFileReference; lastKnownFileType = sourcecode.swift; path = TenKWordsApp.swift; sourceTree = "<group>"; };
		F5A1B2C3D4E5F6A7B8C9D003 /* LearningView.swift */ = {isa = PBXFileReference; lastKnownFileType = sourcecode.swift; path = LearningView.swift; sourceTree = "<group>"; };
		F5A1B2C3D4E5F6A7B8C9D007 /* LearningManager.swift */ = {isa = PBXFileReference; lastKnownFileType = sourcecode.swift; path = LearningManager.swift; sourceTree = "<group>"; };
		F5A1B2C3D4E5F6A7B8C9D009 /* NewWordPanel.swift */ = {isa = PBXFileReference; lastKnownFileType = sourcecode.swift; path = NewWordPanel.swift; sourceTree = "<group>"; };
		F5A1B2C3D4E5F6A7B8C9D00B /* NewZh2EnPanel.swift */ = {isa = PBXFileReference; lastKnownFileType = sourcecode.swift; path = NewZh2EnPanel.swift; sourceTree = "<group>"; };
		F5A1B2C3D4E5F6A7B8C9D00D /* NewGroupPanel.swift */ = {isa = PBXFileReference; lastKnownFileType = sourcecode.swift; path = NewGroupPanel.swift; sourceTree = "<group>"; };
		C1D2E3F4A5B6C7D8E9F0A1B4 /* AddArticleView.swift */ = {isa = PBXFileReference; lastKnownFileType = sourcecode.swift; path = AddArticleView.swift; sourceTree = "<group>"; };
		C1D2E3F4A5B6C7D8E9F0A1B6 /* ArticleManager.swift */ = {isa = PBXFileReference; lastKnownFileType = sourcecode.swift; path = ArticleManager.swift; sourceTree = "<group>"; };
		C1D2E3F4A5B6C7D8E9F0A1B8 /* Toast.swift */ = {isa = PBXFileReference; lastKnownFileType = sourcecode.swift; path = Toast.swift; sourceTree = "<group>"; };
		C1D2E3F4A5B6C7D8E9F0A1C1 /* CurrentLearning.swift */ = {isa = PBXFileReference; lastKnownFileType = sourcecode.swift; path = CurrentLearning.swift; sourceTree = "<group>"; };
		C1D2E3F4A5B6C7D8E9F0A1C4 /* ArticleData.swift */ = {isa = PBXFileReference; lastKnownFileType = sourcecode.swift; path = ArticleData.swift; sourceTree = "<group>"; };
		C1D2E3F4A5B6C7D8E9F0A1D1 /* PanelTypes.swift */ = {isa = PBXFileReference; lastKnownFileType = sourcecode.swift; path = PanelTypes.swift; sourceTree = "<group>"; };
		C1D2E3F4A5B6C7D8E9F0A1D5 /* NewWordData.swift */ = {isa = PBXFileReference; lastKnownFileType = sourcecode.swift; path = NewWordData.swift; sourceTree = "<group>"; };
		C1D2E3F4A5B6C7D8E9F0A1D7 /* NewZh2EnData.swift */ = {isa = PBXFileReference; lastKnownFileType = sourcecode.swift; path = NewZh2EnData.swift; sourceTree = "<group>"; };
		C1D2E3F4A5B6C7D8E9F0A1D9 /* NewGroupData.swift */ = {isa = PBXFileReference; lastKnownFileType = sourcecode.swift; path = NewGroupData.swift; sourceTree = "<group>"; };
		D1E2F3A4B5C6D7E8F9A0B1C3 /* JsonUtil.swift */ = {isa = PBXFileReference; lastKnownFileType = sourcecode.swift; path = JsonUtil.swift; sourceTree = "<group>"; };
		D1E2F3A4B5C6D7E8F9A0B1D1 /* GitUtil.swift */ = {isa = PBXFileReference; lastKnownFileType = sourcecode.swift; path = GitUtil.swift; sourceTree = "<group>"; };
		B1C2D3E4F5A6B7C8D9E0F1A2 /* AppConstants.swift */ = {isa = PBXFileReference; lastKnownFileType = sourcecode.swift; path = AppConstants.swift; sourceTree = "<group>"; };
		F5A1B2C3D4E5F6A7B8C9D005 /* Assets.xcassets */ = {isa = PBXFileReference; lastKnownFileType = folder.assetcatalog; path = Assets.xcassets; sourceTree = "<group>"; };
		E5A1B2C3D4E5F6A7B8C9D0E6 /* TenKWordsApp.app */ = {isa = PBXFileReference; explicitFileType = wrapper.application; includeInIndex = 0; path = TenKWordsApp.app; sourceTree = BUILT_PRODUCTS_DIR; };
/* End PBXFileReference section */

/* Begin PBXFrameworksBuildPhase section */
		E5A1B2C3D4E5F6A7B8C9D0E8 /* Frameworks */ = {
			isa = PBXFrameworksBuildPhase;
			buildActionMask = 2147483647;
			files = (
			);
			runOnlyForDeploymentPostprocessing = 0;
		};
/* End PBXFrameworksBuildPhase section */

/* Begin PBXGroup section */
		E5A1B2C3D4E5F6A7B8C9D0E2 = {
			isa = PBXGroup;
			children = (
				E5A1B2C3D4E5F6A7B8C9D0E3 /* TenKWordsApp */,
				E5A1B2C3D4E5F6A7B8C9D0E4 /* Products */,
			);
			sourceTree = "<group>";
		};
		E5A1B2C3D4E5F6A7B8C9D0E3 /* TenKWordsApp */ = {
			isa = PBXGroup;
			children = (
				F5A1B2C3D4E5F6A7B8C9D001 /* TenKWordsApp.swift */,
				E1F2A3B4C5D6E7F8A9B0C1D2 /* Learning */,
				C1D2E3F4A5B6C7D8E9F0A1B2 /* NewArticle */,
				C1D2E3F4A5B6C7D8E9F0A1B3 /* Toast */,
				C1D2E3F4A5B6C7D8E9F0A1C0 /* data */,
				D1E2F3A4B5C6D7E8F9A0B1C2 /* Util */,
				B1C2D3E4F5A6B7C8D9E0F1A2 /* AppConstants.swift */,
				F5A1B2C3D4E5F6A7B8C9D005 /* Assets.xcassets */,
			);
			path = TenKWordsApp;
			sourceTree = "<group>";
		};
		E1F2A3B4C5D6E7F8A9B0C1D2 /* Learning */ = {
			isa = PBXGroup;
			children = (
				F5A1B2C3D4E5F6A7B8C9D003 /* LearningView.swift */,
				F5A1B2C3D4E5F6A7B8C9D007 /* LearningManager.swift */,
				F5A1B2C3D4E5F6A7B8C9D00F /* panels */,
			);
			path = Learning;
			sourceTree = "<group>";
		};
		F5A1B2C3D4E5F6A7B8C9D00F /* panels */ = {
			isa = PBXGroup;
			children = (
				F5A1B2C3D4E5F6A7B8C9D009 /* NewWordPanel.swift */,
				F5A1B2C3D4E5F6A7B8C9D00B /* NewZh2EnPanel.swift */,
				F5A1B2C3D4E5F6A7B8C9D00D /* NewGroupPanel.swift */,
			);
			path = panels;
			sourceTree = "<group>";
		};
		C1D2E3F4A5B6C7D8E9F0A1B2 /* NewArticle */ = {
			isa = PBXGroup;
			children = (
				C1D2E3F4A5B6C7D8E9F0A1B4 /* AddArticleView.swift */,
				C1D2E3F4A5B6C7D8E9F0A1B6 /* ArticleManager.swift */,
			);
			path = NewArticle;
			sourceTree = "<group>";
		};
		C1D2E3F4A5B6C7D8E9F0A1B3 /* Toast */ = {
			isa = PBXGroup;
			children = (
				C1D2E3F4A5B6C7D8E9F0A1B8 /* Toast.swift */,
			);
			path = Toast;
			sourceTree = "<group>";
		};
		C1D2E3F4A5B6C7D8E9F0A1C0 /* data */ = {
			isa = PBXGroup;
			children = (
				C1D2E3F4A5B6C7D8E9F0A1C1 /* CurrentLearning.swift */,
				C1D2E3F4A5B6C7D8E9F0A1C4 /* ArticleData.swift */,
				C1D2E3F4A5B6C7D8E9F0A1D1 /* PanelTypes.swift */,
				C1D2E3F4A5B6C7D8E9F0A1D5 /* NewWordData.swift */,
				C1D2E3F4A5B6C7D8E9F0A1D7 /* NewZh2EnData.swift */,
				C1D2E3F4A5B6C7D8E9F0A1D9 /* NewGroupData.swift */,
			);
			path = data;
			sourceTree = "<group>";
		};
		D1E2F3A4B5C6D7E8F9A0B1C2 /* Util */ = {
			isa = PBXGroup;
			children = (
				D1E2F3A4B5C6D7E8F9A0B1C3 /* JsonUtil.swift */,
				D1E2F3A4B5C6D7E8F9A0B1D1 /* GitUtil.swift */,
			);
			path = Util;
			sourceTree = "<group>";
		};
		E5A1B2C3D4E5F6A7B8C9D0E4 /* Products */ = {
			isa = PBXGroup;
			children = (
				E5A1B2C3D4E5F6A7B8C9D0E6 /* TenKWordsApp.app */,
			);
			name = Products;
			sourceTree = "<group>";
		};
/* End PBXGroup section */

/* Begin PBXNativeTarget section */
		E5A1B2C3D4E5F6A7B8C9D0E5 /* TenKWordsApp */ = {
			isa = PBXNativeTarget;
			buildConfigurationList = E5A1B2C3D4E5F6A7B8C9D0EF /* Build configuration list for PBXNativeTarget "TenKWordsApp" */;
			buildPhases = (
				E5A1B2C3D4E5F6A7B8C9D0E7 /* Sources */,
				E5A1B2C3D4E5F6A7B8C9D0E8 /* Frameworks */,
				E5A1B2C3D4E5F6A7B8C9D0E9 /* Resources */,
			);
			buildRules = (
			);
			dependencies = (
			);
			name = TenKWordsApp;
			productName = TenKWordsApp;
			productReference = E5A1B2C3D4E5F6A7B8C9D0E6 /* TenKWordsApp.app */;
			productType = "com.apple.product-type.application";
		};
/* End PBXNativeTarget section */

/* Begin PBXProject section */
		E5A1B2C3D4E5F6A7B8C9D0E1 /* Project object */ = {
			isa = PBXProject;
			attributes = {
				BuildIndependentTargetsInParallel = 1;
				LastSwiftUpdateCheck = 1530;
				LastUpgradeCheck = 1530;
				TargetAttributes = {
					E5A1B2C3D4E5F6A7B8C9D0E5 = {
						CreatedOnToolsVersion = 15.3;
					};
				};
			};
			buildConfigurationList = E5A1B2C3D4E5F6A7B8C9D0EE /* Build configuration list for PBXProject "TenKWordsApp" */;
			compatibilityVersion = "Xcode 14.0";
			developmentRegion = en;
			hasScannedForEncodings = 0;
			knownRegions = (
				en,
				Base,
			);
			mainGroup = E5A1B2C3D4E5F6A7B8C9D0E2;
			productRefGroup = E5A1B2C3D4E5F6A7B8C9D0E4 /* Products */;
			projectDirPath = "";
			projectRoot = "";
			targets = (
				E5A1B2C3D4E5F6A7B8C9D0E5 /* TenKWordsApp */,
			);
		};
/* End PBXProject section */

/* Begin PBXResourcesBuildPhase section */
		E5A1B2C3D4E5F6A7B8C9D0E9 /* Resources */ = {
			isa = PBXResourcesBuildPhase;
			buildActionMask = 2147483647;
			files = (
				F5A1B2C3D4E5F6A7B8C9D006 /* Assets.xcassets in Resources */,
			);
			runOnlyForDeploymentPostprocessing = 0;
		};
/* End PBXResourcesBuildPhase section */

/* Begin PBXSourcesBuildPhase section */
		E5A1B2C3D4E5F6A7B8C9D0E7 /* Sources */ = {
			isa = PBXSourcesBuildPhase;
			buildActionMask = 2147483647;
			files = (
				F5A1B2C3D4E5F6A7B8C9D002 /* TenKWordsApp.swift in Sources */,
				F5A1B2C3D4E5F6A7B8C9D004 /* LearningView.swift in Sources */,
				F5A1B2C3D4E5F6A7B8C9D008 /* LearningManager.swift in Sources */,
				F5A1B2C3D4E5F6A7B8C9D00A /* NewWordPanel.swift in Sources */,
				F5A1B2C3D4E5F6A7B8C9D00C /* NewZh2EnPanel.swift in Sources */,
				F5A1B2C3D4E5F6A7B8C9D00E /* NewGroupPanel.swift in Sources */,
				C1D2E3F4A5B6C7D8E9F0A1B5 /* AddArticleView.swift in Sources */,
				C1D2E3F4A5B6C7D8E9F0A1B7 /* ArticleManager.swift in Sources */,
				C1D2E3F4A5B6C7D8E9F0A1B9 /* Toast.swift in Sources */,
				C1D2E3F4A5B6C7D8E9F0A1C2 /* CurrentLearning.swift in Sources */,
				C1D2E3F4A5B6C7D8E9F0A1C5 /* ArticleData.swift in Sources */,
				C1D2E3F4A5B6C7D8E9F0A1D0 /* PanelTypes.swift in Sources */,
				C1D2E3F4A5B6C7D8E9F0A1D3 /* NewWordData.swift in Sources */,
				C1D2E3F4A5B6C7D8E9F0A1D6 /* NewZh2EnData.swift in Sources */,
				C1D2E3F4A5B6C7D8E9F0A1D8 /* NewGroupData.swift in Sources */,
				D1E2F3A4B5C6D7E8F9A0B1C4 /* JsonUtil.swift in Sources */,
				D1E2F3A4B5C6D7E8F9A0B1D0 /* GitUtil.swift in Sources */,
				B1C2D3E4F5A6B7C8D9E0F1A3 /* AppConstants.swift in Sources */,
			);
			runOnlyForDeploymentPostprocessing = 0;
		};
/* End PBXSourcesBuildPhase section */

/* Begin XCBuildConfiguration section */
		E5A1B2C3D4E5F6A7B8C9D0EA /* Debug */ = {
			isa = XCBuildConfiguration;
			buildSettings = {
				ALWAYS_SEARCH_USER_PATHS = NO;
				ASSETCATALOG_COMPILER_GENERATE_SWIFT_ASSET_SYMBOL_EXTENSIONS = YES;
				CLANG_ANALYZER_NONNULL = YES;
				CLANG_ANALYZER_NUMBER_OBJECT_CONVERSION = YES_AGGRESSIVE;
				CLANG_CXX_LANGUAGE_STANDARD = "gnu++20";
				CLANG_ENABLE_MODULES = YES;
				CLANG_ENABLE_OBJC_ARC = YES;
				CLANG_ENABLE_OBJC_WEAK = YES;
				CLANG_WARN_BLOCK_CAPTURE_AUTORELEASING = YES;
				CLANG_WARN_BOOL_CONVERSION = YES;
				CLANG_WARN_COMMA = YES;
				CLANG_WARN_CONSTANT_CONVERSION = YES;
				CLANG_WARN_DEPRECATED_OBJC_IMPLEMENTATIONS = YES;
				CLANG_WARN_DIRECT_OBJC_ISA_USAGE = YES_ERROR;
				CLANG_WARN_DOCUMENTATION_COMMENTS = YES;
				CLANG_WARN_EMPTY_BODY = YES;
				CLANG_WARN_ENUM_CONVERSION = YES;
				CLANG_WARN_INFINITE_RECURSION = YES;
				CLANG_WARN_INT_CONVERSION = YES;
				CLANG_WARN_NON_LITERAL_NULL_CONVERSION = YES;
				CLANG_WARN_OBJC_IMPLICIT_RETAIN_SELF = YES;
				CLANG_WARN_OBJC_LITERAL_CONVERSION = YES;
				CLANG_WARN_OBJC_ROOT_CLASS = YES_ERROR;
				CLANG_WARN_QUOTED_INCLUDE_IN_FRAMEWORK_HEADER = YES;
				CLANG_WARN_RANGE_LOOP_ANALYSIS = YES;
				CLANG_WARN_STRICT_PROTOTYPES = YES;
				CLANG_WARN_SUSPICIOUS_MOVE = YES;
				CLANG_WARN_UNGUARDED_AVAILABILITY = YES_AGGRESSIVE;
				CLANG_WARN_UNREACHABLE_CODE = YES;
				CLANG_WARN__DUPLICATE_METHOD_MATCH = YES;
				COPY_PHASE_STRIP = NO;
				DEBUG_INFORMATION_FORMAT = dwarf;
				ENABLE_STRICT_OBJC_MSGSEND = YES;
				ENABLE_TESTABILITY = YES;
				ENABLE_USER_SCRIPT_SANDBOXING = YES;
				GCC_C_LANGUAGE_STANDARD = gnu17;
				GCC_DYNAMIC_NO_PIC = NO;
				GCC_NO_COMMON_BLOCKS = YES;
				GCC_OPTIMIZATION_LEVEL = 0;
				GCC_PREPROCESSOR_DEFINITIONS = (
					"DEBUG=1",
					"$(inherited)",
				);
				GCC_WARN_64_TO_32_BIT_CONVERSION = YES;
				GCC_WARN_ABOUT_RETURN_TYPE = YES_ERROR;
				GCC_WARN_UNDECLARED_SELECTOR = YES;
				GCC_WARN_UNINITIALIZED_AUTOS = YES_AGGRESSIVE;
				GCC_WARN_UNUSED_FUNCTION = YES;
				GCC_WARN_UNUSED_VARIABLE = YES;
				LOCALIZATION_PREFERS_STRING_CATALOGS = YES;
				MACOSX_DEPLOYMENT_TARGET = 14.0;
				MTL_ENABLE_DEBUG_INFO = INCLUDE_SOURCE;
				MTL_FAST_MATH = YES;
				ONLY_ACTIVE_ARCH = YES;
				SDKROOT = macosx;
				SWIFT_ACTIVE_COMPILATION_CONDITIONS = "DEBUG $(inherited)";
				SWIFT_OPTIMIZATION_LEVEL = "-Onone";
			};
			name = Debug;
		};
		E5A1B2C3D4E5F6A7B8C9D0EB /* Release */ = {
			isa = XCBuildConfiguration;
			buildSettings = {
				ALWAYS_SEARCH_USER_PATHS = NO;
				ASSETCATALOG_COMPILER_GENERATE_SWIFT_ASSET_SYMBOL_EXTENSIONS = YES;
				CLANG_ANALYZER_NONNULL = YES;
				CLANG_ANALYZER_NUMBER_OBJECT_CONVERSION = YES_AGGRESSIVE;
				CLANG_CXX_LANGUAGE_STANDARD = "gnu++20";
				CLANG_ENABLE_MODULES = YES;
				CLANG_ENABLE_OBJC_ARC = YES;
				CLANG_ENABLE_OBJC_WEAK = YES;
				CLANG_WARN_BLOCK_CAPTURE_AUTORELEASING = YES;
				CLANG_WARN_BOOL_CONVERSION = YES;
				CLANG_WARN_COMMA = YES;
				CLANG_WARN_CONSTANT_CONVERSION = YES;
				CLANG_WARN_DEPRECATED_OBJC_IMPLEMENTATIONS = YES;
				CLANG_WARN_DIRECT_OBJC_ISA_USAGE = YES_ERROR;
				CLANG_WARN_DOCUMENTATION_COMMENTS = YES;
				CLANG_WARN_EMPTY_BODY = YES;
				CLANG_WARN_ENUM_CONVERSION = YES;
				CLANG_WARN_INFINITE_RECURSION = YES;
				CLANG_WARN_INT_CONVERSION = YES;
				CLANG_WARN_NON_LITERAL_NULL_CONVERSION = YES;
				CLANG_WARN_OBJC_IMPLICIT_RETAIN_SELF = YES;
				CLANG_WARN_OBJC_LITERAL_CONVERSION = YES;
				CLANG_WARN_OBJC_ROOT_CLASS = YES_ERROR;
				CLANG_WARN_QUOTED_INCLUDE_IN_FRAMEWORK_HEADER = YES;
				CLANG_WARN_RANGE_LOOP_ANALYSIS = YES;
				CLANG_WARN_STRICT_PROTOTYPES = YES;
				CLANG_WARN_SUSPICIOUS_MOVE = YES;
				CLANG_WARN_UNGUARDED_AVAILABILITY = YES_AGGRESSIVE;
				CLANG_WARN_UNREACHABLE_CODE = YES;
				CLANG_WARN__DUPLICATE_METHOD_MATCH = YES;
				COPY_PHASE_STRIP = NO;
				DEBUG_INFORMATION_FORMAT = "dwarf-with-dsym";
				ENABLE_NS_ASSERTIONS = NO;
				ENABLE_STRICT_OBJC_MSGSEND = YES;
				ENABLE_USER_SCRIPT_SANDBOXING = YES;
				GCC_C_LANGUAGE_STANDARD = gnu17;
				GCC_NO_COMMON_BLOCKS = YES;
				GCC_WARN_64_TO_32_BIT_CONVERSION = YES;
				GCC_WARN_ABOUT_RETURN_TYPE = YES_ERROR;
				GCC_WARN_UNDECLARED_SELECTOR = YES;
				GCC_WARN_UNINITIALIZED_AUTOS = YES_AGGRESSIVE;
				GCC_WARN_UNUSED_FUNCTION = YES;
				GCC_WARN_UNUSED_VARIABLE = YES;
				LOCALIZATION_PREFERS_STRING_CATALOGS = YES;
				MACOSX_DEPLOYMENT_TARGET = 14.0;
				MTL_ENABLE_DEBUG_INFO = NO;
				MTL_FAST_MATH = YES;
				SDKROOT = macosx;
				SWIFT_COMPILATION_MODE = wholemodule;
			};
			name = Release;
		};
		E5A1B2C3D4E5F6A7B8C9D0EC /* Debug */ = {
			isa = XCBuildConfiguration;
			buildSettings = {
				ASSETCATALOG_COMPILER_APPICON_NAME = AppIcon;
				CODE_SIGN_STYLE = Automatic;
				COMBINE_HIDPI_IMAGES = YES;
				CURRENT_PROJECT_VERSION = 1;
				ENABLE_PREVIEWS = YES;
				GENERATE_INFOPLIST_FILE = YES;
				INFOPLIST_KEY_NSHumanReadableCopyright = "";
				INFOPLIST_KEY_NSPrincipalClass = NSApplication;
				LD_RUNPATH_SEARCH_PATHS = (
					"$(inherited)",
					"@executable_path/../Frameworks",
				);
				MARKETING_VERSION = 1.0;
				PRODUCT_BUNDLE_IDENTIFIER = com.example.TenKWordsApp;
				PRODUCT_NAME = "10k Words";
				SWIFT_EMIT_LOC_STRINGS = YES;
				SWIFT_VERSION = 5.0;
			};
			name = Debug;
		};
		E5A1B2C3D4E5F6A7B8C9D0ED /* Release */ = {
			isa = XCBuildConfiguration;
			buildSettings = {
				ASSETCATALOG_COMPILER_APPICON_NAME = AppIcon;
				CODE_SIGN_STYLE = Automatic;
				COMBINE_HIDPI_IMAGES = YES;
				CURRENT_PROJECT_VERSION = 1;
				ENABLE_PREVIEWS = YES;
				GENERATE_INFOPLIST_FILE = YES;
				INFOPLIST_KEY_NSHumanReadableCopyright = "";
				INFOPLIST_KEY_NSPrincipalClass = NSApplication;
				LD_RUNPATH_SEARCH_PATHS = (
					"$(inherited)",
					"@executable_path/../Frameworks",
				);
				MARKETING_VERSION = 1.0;
				PRODUCT_BUNDLE_IDENTIFIER = com.example.TenKWordsApp;
				PRODUCT_NAME = "10k Words";
				SWIFT_EMIT_LOC_STRINGS = YES;
				SWIFT_VERSION = 5.0;
			};
			name = Release;
		};
/* End XCBuildConfiguration section */

/* Begin XCConfigurationList section */
		E5A1B2C3D4E5F6A7B8C9D0EE /* Build configuration list for PBXProject "TenKWordsApp" */ = {
			isa = XCConfigurationList;
			buildConfigurations = (
				E5A1B2C3D4E5F6A7B8C9D0EA /* Debug */,
				E5A1B2C3D4E5F6A7B8C9D0EB /* Release */,
			);
			defaultConfigurationIsVisible = 0;
			defaultConfigurationName = Release;
		};
		E5A1B2C3D4E5F6A7B8C9D0EF /* Build configuration list for PBXNativeTarget "TenKWordsApp" */ = {
			isa = XCConfigurationList;
			buildConfigurations = (
				E5A1B2C3D4E5F6A7B8C9D0EC /* Debug */,
				E5A1B2C3D4E5F6A7B8C9D0ED /* Release */,
			);
			defaultConfigurationIsVisible = 0;
			defaultConfigurationName = Release;
		};
/* End XCConfigurationList section */
	};
	rootObject = E5A1B2C3D4E5F6A7B8C9D0E1 /* Project object */;
}
